# THIS IS AN AUTOGENERATED FILE. DO NOT EDIT THIS FILE DIRECTLY.
# yarn lockfile v1


detect-browser@^4.8.0:
  version "4.8.0"
  resolved "https://registry.yarnpkg.com/detect-browser/-/detect-browser-4.8.0.tgz#1d73bd88c17be866901950ce0aaae1ed060902c6"
  integrity sha512-f4h2dFgzHUIpjpBLjhnDIteXv8VQiUm8XzAuzQtYUqECX/eKh67ykuiVoyb7Db7a0PUSmJa3OGXStG0CbQFUVw==

hotkeys-js@^3.7.3:
  version "3.7.3"
  resolved "https://registry.yarnpkg.com/hotkeys-js/-/hotkeys-js-3.7.3.tgz#f0c718166e844b3e52065d1b60cffaa6065b5183"
  integrity sha512-CSaeVPAKEEYNexYR35znMJnCqoofk7oqG/AOOqWow1qDT0Yxy+g+Y8Hs/LhGlsZaSJ7973YN6/N41LAr3t30QQ==

uuid@^3.3.3:
  version "3.3.3"
  resolved "https://registry.yarnpkg.com/uuid/-/uuid-3.3.3.tgz#4568f0216e78760ee1dbf3a4d2cf53e224112866"
  integrity sha512-pW0No1RGHgzlpHJO1nsVrHKpOEIxkGg1xB+v0ZmdNH5OAeAwzAVrCnI2/6Mtx+Uys6iaylxa+D3g4j63IKKjSQ==
